
Microsoft Visual Studio Solution File, Format Version 12.00
# Visual Studio Version 16
VisualStudioVersion = 16.0.31911.196
MinimumVisualStudioVersion = 10.0.40219.1
Project("{FAE04EC0-301F-11D3-BF4B-00C04F79EFBC}") = "Lesson_5", "Lesson_5\Lesson_5.csproj", "{2CBA9F1F-7634-41D0-B5B9-4E234E0C7FAC}"
EndProject
Global
	GlobalSection(SolutionConfigurationPlatforms) = preSolution
		Debug|Any CPU = Debug|Any CPU
		Release|Any CPU = Release|Any CPU
	EndGlobalSection
	GlobalSection(ProjectConfigurationPlatforms) = postSolution
		{2CBA9F1F-7634-41D0-B5B9-4E234E0C7FAC}.Debug|Any CPU.ActiveCfg = Debug|Any CPU
		{2CBA9F1F-7634-41D0-B5B9-4E234E0C7FAC}.Debug|Any CPU.Build.0 = Debug|Any CPU
		{2CBA9F1F-7634-41D0-B5B9-4E234E0C7FAC}.Release|Any CPU.ActiveCfg = Release|Any CPU
		{2CBA9F1F-7634-41D0-B5B9-4E234E0C7FAC}.Release|Any CPU.Build.0 = Release|Any CPU
	EndGlobalSection
	GlobalSection(SolutionProperties) = preSolution
		HideSolutionNode = FALSE
	EndGlobalSection
	GlobalSection(ExtensibilityGlobals) = postSolution
		SolutionGuid = {49CCDBAB-2961-4F22-966D-19ABD7B55C0F}
	EndGlobalSection
EndGlobal
